
Microsoft Visual Studio Solution File, Format Version 12.00
# Visual Studio 15
VisualStudioVersion = 15.0.26403.0
MinimumVisualStudioVersion = 10.0.40219.1
Project("{FAE04EC0-301F-11D3-BF4B-00C04F79EFBC}") = "NewId", "NewId\NewId.csproj", "{660D8862-F851-4C9B-A8AB-62A7EEA65614}"
EndProject
Project("{FAE04EC0-301F-11D3-BF4B-00C04F79EFBC}") = "NewId.Tests", "NewId.Tests\NewId.Tests.csproj", "{C92C3C4B-5DA0-49C5-A382-E31FD69CDBCD}"
EndProject
Project("{2150E333-8FDC-42A3-9474-1A3956D46DE8}") = ".nuget", ".nuget", "{A7B21853-82ED-4682-BCE4-9C7366D42FB6}"
	ProjectSection(SolutionItems) = preProject
		.nuget\NuGet.Config = .nuget\NuGet.Config
		.nuget\NuGet.exe = .nuget\NuGet.exe
		.nuget\NuGet.targets = .nuget\NuGet.targets
	EndProjectSection
EndProject
Project("{2150E333-8FDC-42A3-9474-1A3956D46DE8}") = "Solution Items", "Solution Items", "{29D72C40-E8AB-4509-A71A-3AE24BE5D255}"
	ProjectSection(SolutionItems) = preProject
		..\build.bat = ..\build.bat
		..\build.fsx = ..\build.fsx
	EndProjectSection
EndProject
Global
	GlobalSection(SolutionConfigurationPlatforms) = preSolution
		Debug|Any CPU = Debug|Any CPU
		Release|Any CPU = Release|Any CPU
	EndGlobalSection
	GlobalSection(ProjectConfigurationPlatforms) = postSolution
		{660D8862-F851-4C9B-A8AB-62A7EEA65614}.Debug|Any CPU.ActiveCfg = Debug|Any CPU
		{660D8862-F851-4C9B-A8AB-62A7EEA65614}.Debug|Any CPU.Build.0 = Debug|Any CPU
		{660D8862-F851-4C9B-A8AB-62A7EEA65614}.Release|Any CPU.ActiveCfg = Release|Any CPU
		{660D8862-F851-4C9B-A8AB-62A7EEA65614}.Release|Any CPU.Build.0 = Release|Any CPU
		{C92C3C4B-5DA0-49C5-A382-E31FD69CDBCD}.Debug|Any CPU.ActiveCfg = Debug|Any CPU
		{C92C3C4B-5DA0-49C5-A382-E31FD69CDBCD}.Debug|Any CPU.Build.0 = Debug|Any CPU
		{C92C3C4B-5DA0-49C5-A382-E31FD69CDBCD}.Release|Any CPU.ActiveCfg = Release|Any CPU
		{C92C3C4B-5DA0-49C5-A382-E31FD69CDBCD}.Release|Any CPU.Build.0 = Release|Any CPU
	EndGlobalSection
	GlobalSection(SolutionProperties) = preSolution
		HideSolutionNode = FALSE
	EndGlobalSection
EndGlobal
