
Microsoft Visual Studio Solution File, Format Version 12.00
# Visual Studio 15
VisualStudioVersion = 15.0.26403.0
MinimumVisualStudioVersion = 10.0.40219.1
Project("{9A19103F-16F7-4668-BE54-9A1E7A4F7556}") = "NewId", "NewId\NewId.csproj", "{660D8862-F851-4C9B-A8AB-62A7EEA65614}"
EndProject
Project("{9A19103F-16F7-4668-BE54-9A1E7A4F7556}") = "NewId.Tests", "NewId.Tests\NewId.Tests.csproj", "{C92C3C4B-5DA0-49C5-A382-E31FD69CDBCD}"
EndProject
Project("{2150E333-8FDC-42A3-9474-1A3956D46DE8}") = "Cake", "Cake", "{40320C2F-D164-462C-8E57-F91DADC8D440}"
ProjectSection(SolutionItems) = preProject
	Directory.Build.props = Directory.Build.props
	..\appveyor.yml = ..\appveyor.yml
	..\build.cake = ..\build.cake
	..\build.ps1 = ..\build.ps1
	..\build.sh = ..\build.sh
EndProjectSection
EndProject
Global
	GlobalSection(SolutionConfigurationPlatforms) = preSolution
		Debug|Any CPU = Debug|Any CPU
		Release|Any CPU = Release|Any CPU
	EndGlobalSection
	GlobalSection(ProjectConfigurationPlatforms) = postSolution
		{660D8862-F851-4C9B-A8AB-62A7EEA65614}.Debug|Any CPU.ActiveCfg = Debug|Any CPU
		{660D8862-F851-4C9B-A8AB-62A7EEA65614}.Debug|Any CPU.Build.0 = Debug|Any CPU
		{660D8862-F851-4C9B-A8AB-62A7EEA65614}.Release|Any CPU.ActiveCfg = Release|Any CPU
		{660D8862-F851-4C9B-A8AB-62A7EEA65614}.Release|Any CPU.Build.0 = Release|Any CPU
		{C92C3C4B-5DA0-49C5-A382-E31FD69CDBCD}.Debug|Any CPU.ActiveCfg = Debug|Any CPU
		{C92C3C4B-5DA0-49C5-A382-E31FD69CDBCD}.Debug|Any CPU.Build.0 = Debug|Any CPU
		{C92C3C4B-5DA0-49C5-A382-E31FD69CDBCD}.Release|Any CPU.ActiveCfg = Release|Any CPU
		{C92C3C4B-5DA0-49C5-A382-E31FD69CDBCD}.Release|Any CPU.Build.0 = Release|Any CPU
	EndGlobalSection
	GlobalSection(SolutionProperties) = preSolution
		HideSolutionNode = FALSE
	EndGlobalSection
	GlobalSection(ExtensibilityGlobals) = postSolution
		SolutionGuid = {9BD652A7-9C0C-4784-AC00-8CC69969DDC5}
	EndGlobalSection
EndGlobal
